
Microsoft Visual Studio Solution File, Format Version 12.00
# Visual Studio Version 17
VisualStudioVersion = 17.8.34316.72
MinimumVisualStudioVersion = 10.0.40219.1
Project("{9A19103F-16F7-4668-BE54-9A1E7A4F7556}") = "project-server", "project-server\project-server.csproj", "{F302EEF2-AC3D-4896-A85A-9D025C7341AD}"
EndProject
Project("{FAE04EC0-301F-11D3-BF4B-00C04F79EFBC}") = "project-model", "project-model\project-model.csproj", "{05F9A59B-5998-4308-A66D-85928409D237}"
EndProject
Global
	GlobalSection(SolutionConfigurationPlatforms) = preSolution
		Debug|Any CPU = Debug|Any CPU
		Release|Any CPU = Release|Any CPU
	EndGlobalSection
	GlobalSection(ProjectConfigurationPlatforms) = postSolution
		{F302EEF2-AC3D-4896-A85A-9D025C7341AD}.Debug|Any CPU.ActiveCfg = Debug|Any CPU
		{F302EEF2-AC3D-4896-A85A-9D025C7341AD}.Debug|Any CPU.Build.0 = Debug|Any CPU
		{F302EEF2-AC3D-4896-A85A-9D025C7341AD}.Release|Any CPU.ActiveCfg = Release|Any CPU
		{F302EEF2-AC3D-4896-A85A-9D025C7341AD}.Release|Any CPU.Build.0 = Release|Any CPU
		{05F9A59B-5998-4308-A66D-85928409D237}.Debug|Any CPU.ActiveCfg = Debug|Any CPU
		{05F9A59B-5998-4308-A66D-85928409D237}.Debug|Any CPU.Build.0 = Debug|Any CPU
		{05F9A59B-5998-4308-A66D-85928409D237}.Release|Any CPU.ActiveCfg = Release|Any CPU
		{05F9A59B-5998-4308-A66D-85928409D237}.Release|Any CPU.Build.0 = Release|Any CPU
	EndGlobalSection
	GlobalSection(SolutionProperties) = preSolution
		HideSolutionNode = FALSE
	EndGlobalSection
	GlobalSection(ExtensibilityGlobals) = postSolution
		SolutionGuid = {8247D81F-48D2-4CC2-8863-8EA4339453E7}
	EndGlobalSection
EndGlobal
